
Microsoft Visual Studio Solution File, Format Version 11.00
# Visual Studio 2010
Project("{FAE04EC0-301F-11D3-BF4B-00C04F79EFBC}") = "Assembly-CSharp", "Assembly-CSharp.csproj", "{1107e075-a9c6-f0e4-a60f-0f8f96e1a481}"
EndProject
Project("{FAE04EC0-301F-11D3-BF4B-00C04F79EFBC}") = "NavMeshComponents", "NavMeshComponents.csproj", "{f528e891-f41c-37b2-3bff-74ccf327b23e}"
EndProject
Project("{FAE04EC0-301F-11D3-BF4B-00C04F79EFBC}") = "NavMeshComponentsEditor", "NavMeshComponentsEditor.csproj", "{8cd3af00-d855-bf99-f9f5-725896135c1f}"
EndProject
Project("{FAE04EC0-301F-11D3-BF4B-00C04F79EFBC}") = "Assembly-CSharp-Editor", "Assembly-CSharp-Editor.csproj", "{555f467d-6843-798f-15d2-3c54b188c36d}"
EndProject
Global
	GlobalSection(SolutionConfigurationPlatforms) = preSolution
		Debug|Any CPU = Debug|Any CPU
	EndGlobalSection
	GlobalSection(ProjectConfigurationPlatforms) = postSolution
		{1107e075-a9c6-f0e4-a60f-0f8f96e1a481}.Debug|Any CPU.ActiveCfg = Debug|Any CPU
		{1107e075-a9c6-f0e4-a60f-0f8f96e1a481}.Debug|Any CPU.Build.0 = Debug|Any CPU
		{f528e891-f41c-37b2-3bff-74ccf327b23e}.Debug|Any CPU.ActiveCfg = Debug|Any CPU
		{f528e891-f41c-37b2-3bff-74ccf327b23e}.Debug|Any CPU.Build.0 = Debug|Any CPU
		{8cd3af00-d855-bf99-f9f5-725896135c1f}.Debug|Any CPU.ActiveCfg = Debug|Any CPU
		{8cd3af00-d855-bf99-f9f5-725896135c1f}.Debug|Any CPU.Build.0 = Debug|Any CPU
		{555f467d-6843-798f-15d2-3c54b188c36d}.Debug|Any CPU.ActiveCfg = Debug|Any CPU
		{555f467d-6843-798f-15d2-3c54b188c36d}.Debug|Any CPU.Build.0 = Debug|Any CPU
	EndGlobalSection
	GlobalSection(SolutionProperties) = preSolution
		HideSolutionNode = FALSE
	EndGlobalSection
EndGlobal
